
Microsoft Visual Studio Solution File, Format Version 12.00
# Visual Studio Version 16
VisualStudioVersion = 16.0.30717.126
MinimumVisualStudioVersion = 10.0.40219.1
Project("{9A19103F-16F7-4668-BE54-9A1E7A4F7556}") = "Group Project1", "Group Project1.csproj", "{856DB970-9326-4D15-B56A-C415787ED67C}"
EndProject
Global
	GlobalSection(SolutionConfigurationPlatforms) = preSolution
		Debug|Any CPU = Debug|Any CPU
		Release|Any CPU = Release|Any CPU
	EndGlobalSection
	GlobalSection(ProjectConfigurationPlatforms) = postSolution
		{856DB970-9326-4D15-B56A-C415787ED67C}.Debug|Any CPU.ActiveCfg = Debug|Any CPU
		{856DB970-9326-4D15-B56A-C415787ED67C}.Debug|Any CPU.Build.0 = Debug|Any CPU
		{856DB970-9326-4D15-B56A-C415787ED67C}.Release|Any CPU.ActiveCfg = Release|Any CPU
		{856DB970-9326-4D15-B56A-C415787ED67C}.Release|Any CPU.Build.0 = Release|Any CPU
	EndGlobalSection
	GlobalSection(SolutionProperties) = preSolution
		HideSolutionNode = FALSE
	EndGlobalSection
	GlobalSection(ExtensibilityGlobals) = postSolution
		SolutionGuid = {3BB67B4A-FC09-49EE-B684-00E2D589F44E}
	EndGlobalSection
EndGlobal
